// !$*UTF8*$!
{
	archiveVersion = 1;
	classes = {
	};
	objectVersion = 55;
	objects = {

/* Begin PBXBuildFile section */
		14DDFFB2272E2C37002F5887 /* AppDelegate.swift in Sources */ = {isa = PBXBuildFile; fileRef = 14DDFFB1272E2C37002F5887 /* AppDelegate.swift */; };
		14DDFFB4272E2C37002F5887 /* SceneDelegate.swift in Sources */ = {isa = PBXBuildFile; fileRef = 14DDFFB3272E2C37002F5887 /* SceneDelegate.swift */; };
		14DDFFB6272E2C37002F5887 /* ViewController.swift in Sources */ = {isa = PBXBuildFile; fileRef = 14DDFFB5272E2C37002F5887 /* ViewController.swift */; };
		14DDFFB9272E2C37002F5887 /* Main.storyboard in Resources */ = {isa = PBXBuildFile; fileRef = 14DDFFB7272E2C37002F5887 /* Main.storyboard */; };
		14DDFFBB272E2C3A002F5887 /* Assets.xcassets in Resources */ = {isa = PBXBuildFile; fileRef = 14DDFFBA272E2C3A002F5887 /* Assets.xcassets */; };
		14DDFFBE272E2C3A002F5887 /* LaunchScreen.storyboard in Resources */ = {isa = PBXBuildFile; fileRef = 14DDFFBC272E2C3A002F5887 /* LaunchScreen.storyboard */; };
		14DDFFC9272E2C3A002F5887 /* MidtermTest_ShoppingListTests.swift in Sources */ = {isa = PBXBuildFile; fileRef = 14DDFFC8272E2C3A002F5887 /* MidtermTest_ShoppingListTests.swift */; };
		14DDFFD3272E2C3A002F5887 /* MidtermTest_ShoppingListUITests.swift in Sources */ = {isa = PBXBuildFile; fileRef = 14DDFFD2272E2C3A002F5887 /* MidtermTest_ShoppingListUITests.swift */; };
		14DDFFD5272E2C3A002F5887 /* MidtermTest_ShoppingListUITestsLaunchTests.swift in Sources */ = {isa = PBXBuildFile; fileRef = 14DDFFD4272E2C3A002F5887 /* MidtermTest_ShoppingListUITestsLaunchTests.swift */; };
		14DDFFE2272E3ABB002F5887 /* ShowListViewController.swift in Sources */ = {isa = PBXBuildFile; fileRef = 14DDFFE1272E3ABB002F5887 /* ShowListViewController.swift */; };
/* End PBXBuildFile section */

/* Begin PBXContainerItemProxy section */
		14DDFFC5272E2C3A002F5887 /* PBXContainerItemProxy */ = {
			isa = PBXContainerItemProxy;
			containerPortal = 14DDFFA6272E2C37002F5887 /* Project object */;
			proxyType = 1;
			remoteGlobalIDString = 14DDFFAD272E2C37002F5887;
			remoteInfo = "MidtermTest-ShoppingList";
		};
		14DDFFCF272E2C3A002F5887 /* PBXContainerItemProxy */ = {
			isa = PBXContainerItemProxy;
			containerPortal = 14DDFFA6272E2C37002F5887 /* Project object */;
			proxyType = 1;
			remoteGlobalIDString = 14DDFFAD272E2C37002F5887;
			remoteInfo = "MidtermTest-ShoppingList";
		};
/* End PBXContainerItemProxy section */

/* Begin PBXFileReference section */
		14DDFFAE272E2C37002F5887 /* MidtermTest-ShoppingList.app */ = {isa = PBXFileReference; explicitFileType = wrapper.application; includeInIndex = 0; path = "MidtermTest-ShoppingList.app"; sourceTree = BUILT_PRODUCTS_DIR; };
		14DDFFB1272E2C37002F5887 /* AppDelegate.swift */ = {isa = PBXFileReference; lastKnownFileType = sourcecode.swift; path = AppDelegate.swift; sourceTree = "<group>"; };
		14DDFFB3272E2C37002F5887 /* SceneDelegate.swift */ = {isa = PBXFileReference; lastKnownFileType = sourcecode.swift; path = SceneDelegate.swift; sourceTree = "<group>"; };
		14DDFFB5272E2C37002F5887 /* ViewController.swift */ = {isa = PBXFileReference; lastKnownFileType = sourcecode.swift; path = ViewController.swift; sourceTree = "<group>"; };
		14DDFFB8272E2C37002F5887 /* Base */ = {isa = PBXFileReference; lastKnownFileType = file.storyboard; name = Base; path = Base.lproj/Main.storyboard; sourceTree = "<group>"; };
		14DDFFBA272E2C3A002F5887 /* Assets.xcassets */ = {isa = PBXFileReference; lastKnownFileType = folder.assetcatalog; path = Assets.xcassets; sourceTree = "<group>"; };
		14DDFFBD272E2C3A002F5887 /* Base */ = {isa = PBXFileReference; lastKnownFileType = file.storyboard; name = Base; path = Base.lproj/LaunchScreen.storyboard; sourceTree = "<group>"; };
		14DDFFBF272E2C3A002F5887 /* Info.plist */ = {isa = PBXFileReference; lastKnownFileType = text.plist.xml; path = Info.plist; sourceTree = "<group>"; };
		14DDFFC4272E2C3A002F5887 /* MidtermTest-ShoppingListTests.xctest */ = {isa = PBXFileReference; explicitFileType = wrapper.cfbundle; includeInIndex = 0; path = "MidtermTest-ShoppingListTests.xctest"; sourceTree = BUILT_PRODUCTS_DIR; };
		14DDFFC8272E2C3A002F5887 /* MidtermTest_ShoppingListTests.swift */ = {isa = PBXFileReference; lastKnownFileType = sourcecode.swift; path = MidtermTest_ShoppingListTests.swift; sourceTree = "<group>"; };
		14DDFFCE272E2C3A002F5887 /* MidtermTest-ShoppingListUITests.xctest */ = {isa = PBXFileReference; explicitFileType = wrapper.cfbundle; includeInIndex = 0; path = "MidtermTest-ShoppingListUITests.xctest"; sourceTree = BUILT_PRODUCTS_DIR; };
		14DDFFD2272E2C3A002F5887 /* MidtermTest_ShoppingListUITests.swift */ = {isa = PBXFileReference; lastKnownFileType = sourcecode.swift; path = MidtermTest_ShoppingListUITests.swift; sourceTree = "<group>"; };
		14DDFFD4272E2C3A002F5887 /* MidtermTest_ShoppingListUITestsLaunchTests.swift */ = {isa = PBXFileReference; lastKnownFileType = sourcecode.swift; path = MidtermTest_ShoppingListUITestsLaunchTests.swift; sourceTree = "<group>"; };
		14DDFFE1272E3ABB002F5887 /* ShowListViewController.swift */ = {isa = PBXFileReference; lastKnownFileType = sourcecode.swift; path = ShowListViewController.swift; sourceTree = "<group>"; };
/* End PBXFileReference section */

/* Begin PBXFrameworksBuildPhase section */
		14DDFFAB272E2C37002F5887 /* Frameworks */ = {
			isa = PBXFrameworksBuildPhase;
			buildActionMask = 2147483647;
			files = (
			);
			runOnlyForDeploymentPostprocessing = 0;
		};
		14DDFFC1272E2C3A002F5887 /* Frameworks */ = {
			isa = PBXFrameworksBuildPhase;
			buildActionMask = 2147483647;
			files = (
			);
			runOnlyForDeploymentPostprocessing = 0;
		};
		14DDFFCB272E2C3A002F5887 /* Frameworks */ = {
			isa = PBXFrameworksBuildPhase;
			buildActionMask = 2147483647;
			files = (
			);
			runOnlyForDeploymentPostprocessing = 0;
		};
/* End PBXFrameworksBuildPhase section */

/* Begin PBXGroup section */
		14DDFFA5272E2C37002F5887 = {
			isa = PBXGroup;
			children = (
				14DDFFB0272E2C37002F5887 /* MidtermTest-ShoppingList */,
				14DDFFC7272E2C3A002F5887 /* MidtermTest-ShoppingListTests */,
				14DDFFD1272E2C3A002F5887 /* MidtermTest-ShoppingListUITests */,
				14DDFFAF272E2C37002F5887 /* Products */,
			);
			sourceTree = "<group>";
		};
		14DDFFAF272E2C37002F5887 /* Products */ = {
			isa = PBXGroup;
			children = (
				14DDFFAE272E2C37002F5887 /* MidtermTest-ShoppingList.app */,
				14DDFFC4272E2C3A002F5887 /* MidtermTest-ShoppingListTests.xctest */,
				14DDFFCE272E2C3A002F5887 /* MidtermTest-ShoppingListUITests.xctest */,
			);
			name = Products;
			sourceTree = "<group>";
		};
		14DDFFB0272E2C37002F5887 /* MidtermTest-ShoppingList */ = {
			isa = PBXGroup;
			children = (
				14DDFFB1272E2C37002F5887 /* AppDelegate.swift */,
				14DDFFB3272E2C37002F5887 /* SceneDelegate.swift */,
				14DDFFB5272E2C37002F5887 /* ViewController.swift */,
				14DDFFB7272E2C37002F5887 /* Main.storyboard */,
				14DDFFBA272E2C3A002F5887 /* Assets.xcassets */,
				14DDFFBC272E2C3A002F5887 /* LaunchScreen.storyboard */,
				14DDFFBF272E2C3A002F5887 /* Info.plist */,
				14DDFFE1272E3ABB002F5887 /* ShowListViewController.swift */,
			);
			path = "MidtermTest-ShoppingList";
			sourceTree = "<group>";
		};
		14DDFFC7272E2C3A002F5887 /* MidtermTest-ShoppingListTests */ = {
			isa = PBXGroup;
			children = (
				14DDFFC8272E2C3A002F5887 /* MidtermTest_ShoppingListTests.swift */,
			);
			path = "MidtermTest-ShoppingListTests";
			sourceTree = "<group>";
		};
		14DDFFD1272E2C3A002F5887 /* MidtermTest-ShoppingListUITests */ = {
			isa = PBXGroup;
			children = (
				14DDFFD2272E2C3A002F5887 /* MidtermTest_ShoppingListUITests.swift */,
				14DDFFD4272E2C3A002F5887 /* MidtermTest_ShoppingListUITestsLaunchTests.swift */,
			);
			path = "MidtermTest-ShoppingListUITests";
			sourceTree = "<group>";
		};
/* End PBXGroup section */

/* Begin PBXNativeTarget section */
		14DDFFAD272E2C37002F5887 /* MidtermTest-ShoppingList */ = {
			isa = PBXNativeTarget;
			buildConfigurationList = 14DDFFD8272E2C3A002F5887 /* Build configuration list for PBXNativeTarget "MidtermTest-ShoppingList" */;
			buildPhases = (
				14DDFFAA272E2C37002F5887 /* Sources */,
				14DDFFAB272E2C37002F5887 /* Frameworks */,
				14DDFFAC272E2C37002F5887 /* Resources */,
			);
			buildRules = (
			);
			dependencies = (
			);
			name = "MidtermTest-ShoppingList";
			productName = "MidtermTest-ShoppingList";
			productReference = 14DDFFAE272E2C37002F5887 /* MidtermTest-ShoppingList.app */;
			productType = "com.apple.product-type.application";
		};
		14DDFFC3272E2C3A002F5887 /* MidtermTest-ShoppingListTests */ = {
			isa = PBXNativeTarget;
			buildConfigurationList = 14DDFFDB272E2C3A002F5887 /* Build configuration list for PBXNativeTarget "MidtermTest-ShoppingListTests" */;
			buildPhases = (
				14DDFFC0272E2C3A002F5887 /* Sources */,
				14DDFFC1272E2C3A002F5887 /* Frameworks */,
				14DDFFC2272E2C3A002F5887 /* Resources */,
			);
			buildRules = (
			);
			dependencies = (
				14DDFFC6272E2C3A002F5887 /* PBXTargetDependency */,
			);
			name = "MidtermTest-ShoppingListTests";
			productName = "MidtermTest-ShoppingListTests";
			productReference = 14DDFFC4272E2C3A002F5887 /* MidtermTest-ShoppingListTests.xctest */;
			productType = "com.apple.product-type.bundle.unit-test";
		};
		14DDFFCD272E2C3A002F5887 /* MidtermTest-ShoppingListUITests */ = {
			isa = PBXNativeTarget;
			buildConfigurationList = 14DDFFDE272E2C3A002F5887 /* Build configuration list for PBXNativeTarget "MidtermTest-ShoppingListUITests" */;
			buildPhases = (
				14DDFFCA272E2C3A002F5887 /* Sources */,
				14DDFFCB272E2C3A002F5887 /* Frameworks */,
				14DDFFCC272E2C3A002F5887 /* Resources */,
			);
			buildRules = (
			);
			dependencies = (
				14DDFFD0272E2C3A002F5887 /* PBXTargetDependency */,
			);
			name = "MidtermTest-ShoppingListUITests";
			productName = "MidtermTest-ShoppingListUITests";
			productReference = 14DDFFCE272E2C3A002F5887 /* MidtermTest-ShoppingListUITests.xctest */;
			productType = "com.apple.product-type.bundle.ui-testing";
		};
/* End PBXNativeTarget section */

/* Begin PBXProject section */
		14DDFFA6272E2C37002F5887 /* Project object */ = {
			isa = PBXProject;
			attributes = {
				BuildIndependentTargetsInParallel = 1;
				LastSwiftUpdateCheck = 1300;
				LastUpgradeCheck = 1300;
				TargetAttributes = {
					14DDFFAD272E2C37002F5887 = {
						CreatedOnToolsVersion = 13.0;
					};
					14DDFFC3272E2C3A002F5887 = {
						CreatedOnToolsVersion = 13.0;
						TestTargetID = 14DDFFAD272E2C37002F5887;
					};
					14DDFFCD272E2C3A002F5887 = {
						CreatedOnToolsVersion = 13.0;
						TestTargetID = 14DDFFAD272E2C37002F5887;
					};
				};
			};
			buildConfigurationList = 14DDFFA9272E2C37002F5887 /* Build configuration list for PBXProject "MidtermTest-ShoppingList" */;
			compatibilityVersion = "Xcode 13.0";
			developmentRegion = en;
			hasScannedForEncodings = 0;
			knownRegions = (
				en,
				Base,
			);
			mainGroup = 14DDFFA5272E2C37002F5887;
			productRefGroup = 14DDFFAF272E2C37002F5887 /* Products */;
			projectDirPath = "";
			projectRoot = "";
			targets = (
				14DDFFAD272E2C37002F5887 /* MidtermTest-ShoppingList */,
				14DDFFC3272E2C3A002F5887 /* MidtermTest-ShoppingListTests */,
				14DDFFCD272E2C3A002F5887 /* MidtermTest-ShoppingListUITests */,
			);
		};
/* End PBXProject section */

/* Begin PBXResourcesBuildPhase section */
		14DDFFAC272E2C37002F5887 /* Resources */ = {
			isa = PBXResourcesBuildPhase;
			buildActionMask = 2147483647;
			files = (
				14DDFFBE272E2C3A002F5887 /* LaunchScreen.storyboard in Resources */,
				14DDFFBB272E2C3A002F5887 /* Assets.xcassets in Resources */,
				14DDFFB9272E2C37002F5887 /* Main.storyboard in Resources */,
			);
			runOnlyForDeploymentPostprocessing = 0;
		};
		14DDFFC2272E2C3A002F5887 /* Resources */ = {
			isa = PBXResourcesBuildPhase;
			buildActionMask = 2147483647;
			files = (
			);
			runOnlyForDeploymentPostprocessing = 0;
		};
		14DDFFCC272E2C3A002F5887 /* Resources */ = {
			isa = PBXResourcesBuildPhase;
			buildActionMask = 2147483647;
			files = (
			);
			runOnlyForDeploymentPostprocessing = 0;
		};
/* End PBXResourcesBuildPhase section */

/* Begin PBXSourcesBuildPhase section */
		14DDFFAA272E2C37002F5887 /* Sources */ = {
			isa = PBXSourcesBuildPhase;
			buildActionMask = 2147483647;
			files = (
				14DDFFB6272E2C37002F5887 /* ViewController.swift in Sources */,
				14DDFFB2272E2C37002F5887 /* AppDelegate.swift in Sources */,
				14DDFFB4272E2C37002F5887 /* SceneDelegate.swift in Sources */,
				14DDFFE2272E3ABB002F5887 /* ShowListViewController.swift in Sources */,
			);
			runOnlyForDeploymentPostprocessing = 0;
		};
		14DDFFC0272E2C3A002F5887 /* Sources */ = {
			isa = PBXSourcesBuildPhase;
			buildActionMask = 2147483647;
			files = (
				14DDFFC9272E2C3A002F5887 /* MidtermTest_ShoppingListTests.swift in Sources */,
			);
			runOnlyForDeploymentPostprocessing = 0;
		};
		14DDFFCA272E2C3A002F5887 /* Sources */ = {
			isa = PBXSourcesBuildPhase;
			buildActionMask = 2147483647;
			files = (
				14DDFFD3272E2C3A002F5887 /* MidtermTest_ShoppingListUITests.swift in Sources */,
				14DDFFD5272E2C3A002F5887 /* MidtermTest_ShoppingListUITestsLaunchTests.swift in Sources */,
			);
			runOnlyForDeploymentPostprocessing = 0;
		};
/* End PBXSourcesBuildPhase section */

/* Begin PBXTargetDependency section */
		14DDFFC6272E2C3A002F5887 /* PBXTargetDependency */ = {
			isa = PBXTargetDependency;
			target = 14DDFFAD272E2C37002F5887 /* MidtermTest-ShoppingList */;
			targetProxy = 14DDFFC5272E2C3A002F5887 /* PBXContainerItemProxy */;
		};
		14DDFFD0272E2C3A002F5887 /* PBXTargetDependency */ = {
			isa = PBXTargetDependency;
			target = 14DDFFAD272E2C37002F5887 /* MidtermTest-ShoppingList */;
			targetProxy = 14DDFFCF272E2C3A002F5887 /* PBXContainerItemProxy */;
		};
/* End PBXTargetDependency section */

/* Begin PBXVariantGroup section */
		14DDFFB7272E2C37002F5887 /* Main.storyboard */ = {
			isa = PBXVariantGroup;
			children = (
				14DDFFB8272E2C37002F5887 /* Base */,
			);
			name = Main.storyboard;
			sourceTree = "<group>";
		};
		14DDFFBC272E2C3A002F5887 /* LaunchScreen.storyboard */ = {
			isa = PBXVariantGroup;
			children = (
				14DDFFBD272E2C3A002F5887 /* Base */,
			);
			name = LaunchScreen.storyboard;
			sourceTree = "<group>";
		};
/* End PBXVariantGroup section */

/* Begin XCBuildConfiguration section */
		14DDFFD6272E2C3A002F5887 /* Debug */ = {
			isa = XCBuildConfiguration;
			buildSettings = {
				ALWAYS_SEARCH_USER_PATHS = NO;
				CLANG_ANALYZER_NONNULL = YES;
				CLANG_ANALYZER_NUMBER_OBJECT_CONVERSION = YES_AGGRESSIVE;
				CLANG_CXX_LANGUAGE_STANDARD = "gnu++17";
				CLANG_CXX_LIBRARY = "libc++";
				CLANG_ENABLE_MODULES = YES;
				CLANG_ENABLE_OBJC_ARC = YES;
				CLANG_ENABLE_OBJC_WEAK = YES;
				CLANG_WARN_BLOCK_CAPTURE_AUTORELEASING = YES;
				CLANG_WARN_BOOL_CONVERSION = YES;
				CLANG_WARN_COMMA = YES;
				CLANG_WARN_CONSTANT_CONVERSION = YES;
				CLANG_WARN_DEPRECATED_OBJC_IMPLEMENTATIONS = YES;
				CLANG_WARN_DIRECT_OBJC_ISA_USAGE = YES_ERROR;
				CLANG_WARN_DOCUMENTATION_COMMENTS = YES;
				CLANG_WARN_EMPTY_BODY = YES;
				CLANG_WARN_ENUM_CONVERSION = YES;
				CLANG_WARN_INFINITE_RECURSION = YES;
				CLANG_WARN_INT_CONVERSION = YES;
				CLANG_WARN_NON_LITERAL_NULL_CONVERSION = YES;
				CLANG_WARN_OBJC_IMPLICIT_RETAIN_SELF = YES;
				CLANG_WARN_OBJC_LITERAL_CONVERSION = YES;
				CLANG_WARN_OBJC_ROOT_CLASS = YES_ERROR;
				CLANG_WARN_QUOTED_INCLUDE_IN_FRAMEWORK_HEADER = YES;
				CLANG_WARN_RANGE_LOOP_ANALYSIS = YES;
				CLANG_WARN_STRICT_PROTOTYPES = YES;
				CLANG_WARN_SUSPICIOUS_MOVE = YES;
				CLANG_WARN_UNGUARDED_AVAILABILITY = YES_AGGRESSIVE;
				CLANG_WARN_UNREACHABLE_CODE = YES;
				CLANG_WARN__DUPLICATE_METHOD_MATCH = YES;
				COPY_PHASE_STRIP = NO;
				DEBUG_INFORMATION_FORMAT = dwarf;
				ENABLE_STRICT_OBJC_MSGSEND = YES;
				ENABLE_TESTABILITY = YES;
				GCC_C_LANGUAGE_STANDARD = gnu11;
				GCC_DYNAMIC_NO_PIC = NO;
				GCC_NO_COMMON_BLOCKS = YES;
				GCC_OPTIMIZATION_LEVEL = 0;
				GCC_PREPROCESSOR_DEFINITIONS = (
					"DEBUG=1",
					"$(inherited)",
				);
				GCC_WARN_64_TO_32_BIT_CONVERSION = YES;
				GCC_WARN_ABOUT_RETURN_TYPE = YES_ERROR;
				GCC_WARN_UNDECLARED_SELECTOR = YES;
				GCC_WARN_UNINITIALIZED_AUTOS = YES_AGGRESSIVE;
				GCC_WARN_UNUSED_FUNCTION = YES;
				GCC_WARN_UNUSED_VARIABLE = YES;
				IPHONEOS_DEPLOYMENT_TARGET = 15.0;
				MTL_ENABLE_DEBUG_INFO = INCLUDE_SOURCE;
				MTL_FAST_MATH = YES;
				ONLY_ACTIVE_ARCH = YES;
				SDKROOT = iphoneos;
				SWIFT_ACTIVE_COMPILATION_CONDITIONS = DEBUG;
				SWIFT_OPTIMIZATION_LEVEL = "-Onone";
			};
			name = Debug;
		};
		14DDFFD7272E2C3A002F5887 /* Release */ = {
			isa = XCBuildConfiguration;
			buildSettings = {
				ALWAYS_SEARCH_USER_PATHS = NO;
				CLANG_ANALYZER_NONNULL = YES;
				CLANG_ANALYZER_NUMBER_OBJECT_CONVERSION = YES_AGGRESSIVE;
				CLANG_CXX_LANGUAGE_STANDARD = "gnu++17";
				CLANG_CXX_LIBRARY = "libc++";
				CLANG_ENABLE_MODULES = YES;
				CLANG_ENABLE_OBJC_ARC = YES;
				CLANG_ENABLE_OBJC_WEAK = YES;
				CLANG_WARN_BLOCK_CAPTURE_AUTORELEASING = YES;
				CLANG_WARN_BOOL_CONVERSION = YES;
				CLANG_WARN_COMMA = YES;
				CLANG_WARN_CONSTANT_CONVERSION = YES;
				CLANG_WARN_DEPRECATED_OBJC_IMPLEMENTATIONS = YES;
				CLANG_WARN_DIRECT_OBJC_ISA_USAGE = YES_ERROR;
				CLANG_WARN_DOCUMENTATION_COMMENTS = YES;
				CLANG_WARN_EMPTY_BODY = YES;
				CLANG_WARN_ENUM_CONVERSION = YES;
				CLANG_WARN_INFINITE_RECURSION = YES;
				CLANG_WARN_INT_CONVERSION = YES;
				CLANG_WARN_NON_LITERAL_NULL_CONVERSION = YES;
				CLANG_WARN_OBJC_IMPLICIT_RETAIN_SELF = YES;
				CLANG_WARN_OBJC_LITERAL_CONVERSION = YES;
				CLANG_WARN_OBJC_ROOT_CLASS = YES_ERROR;
				CLANG_WARN_QUOTED_INCLUDE_IN_FRAMEWORK_HEADER = YES;
				CLANG_WARN_RANGE_LOOP_ANALYSIS = YES;
				CLANG_WARN_STRICT_PROTOTYPES = YES;
				CLANG_WARN_SUSPICIOUS_MOVE = YES;
				CLANG_WARN_UNGUARDED_AVAILABILITY = YES_AGGRESSIVE;
				CLANG_WARN_UNREACHABLE_CODE = YES;
				CLANG_WARN__DUPLICATE_METHOD_MATCH = YES;
				COPY_PHASE_STRIP = NO;
				DEBUG_INFORMATION_FORMAT = "dwarf-with-dsym";
				ENABLE_NS_ASSERTIONS = NO;
				ENABLE_STRICT_OBJC_MSGSEND = YES;
				GCC_C_LANGUAGE_STANDARD = gnu11;
				GCC_NO_COMMON_BLOCKS = YES;
				GCC_WARN_64_TO_32_BIT_CONVERSION = YES;
				GCC_WARN_ABOUT_RETURN_TYPE = YES_ERROR;
				GCC_WARN_UNDECLARED_SELECTOR = YES;
				GCC_WARN_UNINITIALIZED_AUTOS = YES_AGGRESSIVE;
				GCC_WARN_UNUSED_FUNCTION = YES;
				GCC_WARN_UNUSED_VARIABLE = YES;
				IPHONEOS_DEPLOYMENT_TARGET = 15.0;
				MTL_ENABLE_DEBUG_INFO = NO;
				MTL_FAST_MATH = YES;
				SDKROOT = iphoneos;
				SWIFT_COMPILATION_MODE = wholemodule;
				SWIFT_OPTIMIZATION_LEVEL = "-O";
				VALIDATE_PRODUCT = YES;
			};
			name = Release;
		};
		14DDFFD9272E2C3A002F5887 /* Debug */ = {
			isa = XCBuildConfiguration;
			buildSettings = {
				ASSETCATALOG_COMPILER_APPICON_NAME = AppIcon;
				ASSETCATALOG_COMPILER_GLOBAL_ACCENT_COLOR_NAME = AccentColor;
				CODE_SIGN_STYLE = Automatic;
				CURRENT_PROJECT_VERSION = 1;
				GENERATE_INFOPLIST_FILE = YES;
				INFOPLIST_FILE = "MidtermTest-ShoppingList/Info.plist";
				INFOPLIST_KEY_UIApplicationSupportsIndirectInputEvents = YES;
				INFOPLIST_KEY_UILaunchStoryboardName = LaunchScreen;
				INFOPLIST_KEY_UIMainStoryboardFile = Main;
				INFOPLIST_KEY_UISupportedInterfaceOrientations_iPad = "UIInterfaceOrientationPortrait UIInterfaceOrientationPortraitUpsideDown UIInterfaceOrientationLandscapeLeft UIInterfaceOrientationLandscapeRight";
				INFOPLIST_KEY_UISupportedInterfaceOrientations_iPhone = "UIInterfaceOrientationPortrait UIInterfaceOrientationLandscapeLeft UIInterfaceOrientationLandscapeRight";
				LD_RUNPATH_SEARCH_PATHS = (
					"$(inherited)",
					"@executable_path/Frameworks",
				);
				MARKETING_VERSION = 1.0;
				PRODUCT_BUNDLE_IDENTIFIER = "Centennial-College.MidtermTest-ShoppingList";
				PRODUCT_NAME = "$(TARGET_NAME)";
				SWIFT_EMIT_LOC_STRINGS = YES;
				SWIFT_VERSION = 5.0;
				TARGETED_DEVICE_FAMILY = "1,2";
			};
			name = Debug;
		};
		14DDFFDA272E2C3A002F5887 /* Release */ = {
			isa = XCBuildConfiguration;
			buildSettings = {
				ASSETCATALOG_COMPILER_APPICON_NAME = AppIcon;
				ASSETCATALOG_COMPILER_GLOBAL_ACCENT_COLOR_NAME = AccentColor;
				CODE_SIGN_STYLE = Automatic;
				CURRENT_PROJECT_VERSION = 1;
				GENERATE_INFOPLIST_FILE = YES;
				INFOPLIST_FILE = "MidtermTest-ShoppingList/Info.plist";
				INFOPLIST_KEY_UIApplicationSupportsIndirectInputEvents = YES;
				INFOPLIST_KEY_UILaunchStoryboardName = LaunchScreen;
				INFOPLIST_KEY_UIMainStoryboardFile = Main;
				INFOPLIST_KEY_UISupportedInterfaceOrientations_iPad = "UIInterfaceOrientationPortrait UIInterfaceOrientationPortraitUpsideDown UIInterfaceOrientationLandscapeLeft UIInterfaceOrientationLandscapeRight";
				INFOPLIST_KEY_UISupportedInterfaceOrientations_iPhone = "UIInterfaceOrientationPortrait UIInterfaceOrientationLandscapeLeft UIInterfaceOrientationLandscapeRight";
				LD_RUNPATH_SEARCH_PATHS = (
					"$(inherited)",
					"@executable_path/Frameworks",
				);
				MARKETING_VERSION = 1.0;
				PRODUCT_BUNDLE_IDENTIFIER = "Centennial-College.MidtermTest-ShoppingList";
				PRODUCT_NAME = "$(TARGET_NAME)";
				SWIFT_EMIT_LOC_STRINGS = YES;
				SWIFT_VERSION = 5.0;
				TARGETED_DEVICE_FAMILY = "1,2";
			};
			name = Release;
		};
		14DDFFDC272E2C3A002F5887 /* Debug */ = {
			isa = XCBuildConfiguration;
			buildSettings = {
				ALWAYS_EMBED_SWIFT_STANDARD_LIBRARIES = YES;
				BUNDLE_LOADER = "$(TEST_HOST)";
				CODE_SIGN_STYLE = Automatic;
				CURRENT_PROJECT_VERSION = 1;
				GENERATE_INFOPLIST_FILE = YES;
				IPHONEOS_DEPLOYMENT_TARGET = 15.0;
				LD_RUNPATH_SEARCH_PATHS = (
					"$(inherited)",
					"@executable_path/Frameworks",
					"@loader_path/Frameworks",
				);
				MARKETING_VERSION = 1.0;
				PRODUCT_BUNDLE_IDENTIFIER = "Centennial-College.MidtermTest-ShoppingListTests";
				PRODUCT_NAME = "$(TARGET_NAME)";
				SWIFT_EMIT_LOC_STRINGS = NO;
				SWIFT_VERSION = 5.0;
				TARGETED_DEVICE_FAMILY = "1,2";
				TEST_HOST = "$(BUILT_PRODUCTS_DIR)/MidtermTest-ShoppingList.app/MidtermTest-ShoppingList";
			};
			name = Debug;
		};
		14DDFFDD272E2C3A002F5887 /* Release */ = {
			isa = XCBuildConfiguration;
			buildSettings = {
				ALWAYS_EMBED_SWIFT_STANDARD_LIBRARIES = YES;
				BUNDLE_LOADER = "$(TEST_HOST)";
				CODE_SIGN_STYLE = Automatic;
				CURRENT_PROJECT_VERSION = 1;
				GENERATE_INFOPLIST_FILE = YES;
				IPHONEOS_DEPLOYMENT_TARGET = 15.0;
				LD_RUNPATH_SEARCH_PATHS = (
					"$(inherited)",
					"@executable_path/Frameworks",
					"@loader_path/Frameworks",
				);
				MARKETING_VERSION = 1.0;
				PRODUCT_BUNDLE_IDENTIFIER = "Centennial-College.MidtermTest-ShoppingListTests";
				PRODUCT_NAME = "$(TARGET_NAME)";
				SWIFT_EMIT_LOC_STRINGS = NO;
				SWIFT_VERSION = 5.0;
				TARGETED_DEVICE_FAMILY = "1,2";
				TEST_HOST = "$(BUILT_PRODUCTS_DIR)/MidtermTest-ShoppingList.app/MidtermTest-ShoppingList";
			};
			name = Release;
		};
		14DDFFDF272E2C3A002F5887 /* Debug */ = {
			isa = XCBuildConfiguration;
			buildSettings = {
				ALWAYS_EMBED_SWIFT_STANDARD_LIBRARIES = YES;
				CODE_SIGN_STYLE = Automatic;
				CURRENT_PROJECT_VERSION = 1;
				GENERATE_INFOPLIST_FILE = YES;
				LD_RUNPATH_SEARCH_PATHS = (
					"$(inherited)",
					"@executable_path/Frameworks",
					"@loader_path/Frameworks",
				);
				MARKETING_VERSION = 1.0;
				PRODUCT_BUNDLE_IDENTIFIER = "Centennial-College.MidtermTest-ShoppingListUITests";
				PRODUCT_NAME = "$(TARGET_NAME)";
				SWIFT_EMIT_LOC_STRINGS = NO;
				SWIFT_VERSION = 5.0;
				TARGETED_DEVICE_FAMILY = "1,2";
				TEST_TARGET_NAME = "MidtermTest-ShoppingList";
			};
			name = Debug;
		};
		14DDFFE0272E2C3A002F5887 /* Release */ = {
			isa = XCBuildConfiguration;
			buildSettings = {
				ALWAYS_EMBED_SWIFT_STANDARD_LIBRARIES = YES;
				CODE_SIGN_STYLE = Automatic;
				CURRENT_PROJECT_VERSION = 1;
				GENERATE_INFOPLIST_FILE = YES;
				LD_RUNPATH_SEARCH_PATHS = (
					"$(inherited)",
					"@executable_path/Frameworks",
					"@loader_path/Frameworks",
				);
				MARKETING_VERSION = 1.0;
				PRODUCT_BUNDLE_IDENTIFIER = "Centennial-College.MidtermTest-ShoppingListUITests";
				PRODUCT_NAME = "$(TARGET_NAME)";
				SWIFT_EMIT_LOC_STRINGS = NO;
				SWIFT_VERSION = 5.0;
				TARGETED_DEVICE_FAMILY = "1,2";
				TEST_TARGET_NAME = "MidtermTest-ShoppingList";
			};
			name = Release;
		};
/* End XCBuildConfiguration section */

/* Begin XCConfigurationList section */
		14DDFFA9272E2C37002F5887 /* Build configuration list for PBXProject "MidtermTest-ShoppingList" */ = {
			isa = XCConfigurationList;
			buildConfigurations = (
				14DDFFD6272E2C3A002F5887 /* Debug */,
				14DDFFD7272E2C3A002F5887 /* Release */,
			);
			defaultConfigurationIsVisible = 0;
			defaultConfigurationName = Release;
		};
		14DDFFD8272E2C3A002F5887 /* Build configuration list for PBXNativeTarget "MidtermTest-ShoppingList" */ = {
			isa = XCConfigurationList;
			buildConfigurations = (
				14DDFFD9272E2C3A002F5887 /* Debug */,
				14DDFFDA272E2C3A002F5887 /* Release */,
			);
			defaultConfigurationIsVisible = 0;
			defaultConfigurationName = Release;
		};
		14DDFFDB272E2C3A002F5887 /* Build configuration list for PBXNativeTarget "MidtermTest-ShoppingListTests" */ = {
			isa = XCConfigurationList;
			buildConfigurations = (
				14DDFFDC272E2C3A002F5887 /* Debug */,
				14DDFFDD272E2C3A002F5887 /* Release */,
			);
			defaultConfigurationIsVisible = 0;
			defaultConfigurationName = Release;
		};
		14DDFFDE272E2C3A002F5887 /* Build configuration list for PBXNativeTarget "MidtermTest-ShoppingListUITests" */ = {
			isa = XCConfigurationList;
			buildConfigurations = (
				14DDFFDF272E2C3A002F5887 /* Debug */,
				14DDFFE0272E2C3A002F5887 /* Release */,
			);
			defaultConfigurationIsVisible = 0;
			defaultConfigurationName = Release;
		};
/* End XCConfigurationList section */
	};
	rootObject = 14DDFFA6272E2C37002F5887 /* Project object */;
}
